Microsoft Visual Studio Solution File, Format Version 12.00
# Visual Studio Version 17
VisualStudioVersion = 17.5.2.0
MinimumVisualStudioVersion = 10.0.40219.1
Project("{FAE04EC0-301F-11D3-BF4B-00C04F79EFBC}") = "c#", "windowsProgramming\c#\c#.csproj", "{A735CE4F-0AC9-A842-7238-31103646DC45}"
EndProject
Project("{2150E333-8FDC-42A3-9474-1A3956D46DE8}") = "windowsProgramming", "windowsProgramming", "{F1A34209-1C6C-4C60-8805-777060240977}"
EndProject
Project("{FAE04EC0-301F-11D3-BF4B-00C04F79EFBC}") = "p0502", "windowsProgramming\p0502\p0502.csproj", "{13E7CB95-730B-4C87-92E2-60B4CE999CA3}"
EndProject
Global
	GlobalSection(SolutionConfigurationPlatforms) = preSolution
		Debug|Any CPU = Debug|Any CPU
		Release|Any CPU = Release|Any CPU
	EndGlobalSection
	GlobalSection(ProjectConfigurationPlatforms) = postSolution
		{A735CE4F-0AC9-A842-7238-31103646DC45}.Debug|Any CPU.ActiveCfg = Debug|Any CPU
		{A735CE4F-0AC9-A842-7238-31103646DC45}.Debug|Any CPU.Build.0 = Debug|Any CPU
		{A735CE4F-0AC9-A842-7238-31103646DC45}.Release|Any CPU.ActiveCfg = Release|Any CPU
		{A735CE4F-0AC9-A842-7238-31103646DC45}.Release|Any CPU.Build.0 = Release|Any CPU
		{CD3B11D4-F3A1-4AE4-AFFE-A2807F7E4E47}.Debug|Any CPU.ActiveCfg = Debug|Any CPU
		{CD3B11D4-F3A1-4AE4-AFFE-A2807F7E4E47}.Debug|Any CPU.Build.0 = Debug|Any CPU
		{CD3B11D4-F3A1-4AE4-AFFE-A2807F7E4E47}.Release|Any CPU.ActiveCfg = Release|Any CPU
		{CD3B11D4-F3A1-4AE4-AFFE-A2807F7E4E47}.Release|Any CPU.Build.0 = Release|Any CPU
		{13E7CB95-730B-4C87-92E2-60B4CE999CA3}.Debug|Any CPU.ActiveCfg = Debug|Any CPU
		{13E7CB95-730B-4C87-92E2-60B4CE999CA3}.Debug|Any CPU.Build.0 = Debug|Any CPU
		{13E7CB95-730B-4C87-92E2-60B4CE999CA3}.Release|Any CPU.ActiveCfg = Release|Any CPU
		{13E7CB95-730B-4C87-92E2-60B4CE999CA3}.Release|Any CPU.Build.0 = Release|Any CPU
	EndGlobalSection
	GlobalSection(SolutionProperties) = preSolution
		HideSolutionNode = FALSE
	EndGlobalSection
	GlobalSection(ExtensibilityGlobals) = postSolution
		SolutionGuid = {CDB14A05-D100-46CF-9D3A-9ED1ECE34E27}
	EndGlobalSection
	GlobalSection(NestedProjects) = preSolution
		{13E7CB95-730B-4C87-92E2-60B4CE999CA3} = {F1A34209-1C6C-4C60-8805-777060240977}
	EndGlobalSection
EndGlobal
